
Microsoft Visual Studio Solution File, Format Version 12.00
# Visual Studio 15
Project("{FAE04EC0-301F-11D3-BF4B-00C04F79EFBC}") = "Assembly-CSharp", "Assembly-CSharp.csproj", "{A9EB10B8-9A22-EE7A-A806-FE7B4F2418B8}"
EndProject
Project("{FAE04EC0-301F-11D3-BF4B-00C04F79EFBC}") = "CW.Common", "CW.Common.csproj", "{B2662FB1-340D-D472-8189-113FC0053395}"
EndProject
Project("{FAE04EC0-301F-11D3-BF4B-00C04F79EFBC}") = "LeanTouch", "LeanTouch.csproj", "{5DB9DC75-12F6-E6EC-D1DC-ACDC48D1A890}"
EndProject
Project("{FAE04EC0-301F-11D3-BF4B-00C04F79EFBC}") = "LeanCommon", "LeanCommon.csproj", "{E0861C76-7F25-BC86-02CE-A6A50C5A56B2}"
EndProject
Global
	GlobalSection(SolutionConfigurationPlatforms) = preSolution
		Debug|Any CPU = Debug|Any CPU
		Release|Any CPU = Release|Any CPU
	EndGlobalSection
	GlobalSection(ProjectConfigurationPlatforms) = postSolution
		{A9EB10B8-9A22-EE7A-A806-FE7B4F2418B8}.Debug|Any CPU.ActiveCfg = Debug|Any CPU
		{A9EB10B8-9A22-EE7A-A806-FE7B4F2418B8}.Debug|Any CPU.Build.0 = Debug|Any CPU
		{A9EB10B8-9A22-EE7A-A806-FE7B4F2418B8}.Release|Any CPU.ActiveCfg = Release|Any CPU
		{A9EB10B8-9A22-EE7A-A806-FE7B4F2418B8}.Release|Any CPU.Build.0 = Release|Any CPU
		{B2662FB1-340D-D472-8189-113FC0053395}.Debug|Any CPU.ActiveCfg = Debug|Any CPU
		{B2662FB1-340D-D472-8189-113FC0053395}.Debug|Any CPU.Build.0 = Debug|Any CPU
		{B2662FB1-340D-D472-8189-113FC0053395}.Release|Any CPU.ActiveCfg = Release|Any CPU
		{B2662FB1-340D-D472-8189-113FC0053395}.Release|Any CPU.Build.0 = Release|Any CPU
		{5DB9DC75-12F6-E6EC-D1DC-ACDC48D1A890}.Debug|Any CPU.ActiveCfg = Debug|Any CPU
		{5DB9DC75-12F6-E6EC-D1DC-ACDC48D1A890}.Debug|Any CPU.Build.0 = Debug|Any CPU
		{5DB9DC75-12F6-E6EC-D1DC-ACDC48D1A890}.Release|Any CPU.ActiveCfg = Release|Any CPU
		{5DB9DC75-12F6-E6EC-D1DC-ACDC48D1A890}.Release|Any CPU.Build.0 = Release|Any CPU
		{E0861C76-7F25-BC86-02CE-A6A50C5A56B2}.Debug|Any CPU.ActiveCfg = Debug|Any CPU
		{E0861C76-7F25-BC86-02CE-A6A50C5A56B2}.Debug|Any CPU.Build.0 = Debug|Any CPU
		{E0861C76-7F25-BC86-02CE-A6A50C5A56B2}.Release|Any CPU.ActiveCfg = Release|Any CPU
		{E0861C76-7F25-BC86-02CE-A6A50C5A56B2}.Release|Any CPU.Build.0 = Release|Any CPU
	EndGlobalSection
	GlobalSection(SolutionProperties) = preSolution
		HideSolutionNode = FALSE
	EndGlobalSection
EndGlobal
